
Microsoft Visual Studio Solution File, Format Version 12.00
# Visual Studio Version 17
VisualStudioVersion = 17.0.31903.59
MinimumVisualStudioVersion = 10.0.40219.1
Project("{2150E333-8FDC-42A3-9474-1A3956D46DE8}") = "src", "src", "{827E0CD3-B72D-47B6-A68D-7590B98EB39B}"
EndProject
Project("{2150E333-8FDC-42A3-9474-1A3956D46DE8}") = "tests", "tests", "{0AB3BF05-4346-4AA6-1389-037BE0695223}"
EndProject
Project("{FAE04EC0-301F-11D3-BF4B-00C04F79EFBC}") = "Savvori.Web.Tests", "tests\Savvori.Web.Tests\Savvori.Web.Tests.csproj", "{BF7DDA5E-351C-4303-AB69-402A589330F2}"
EndProject
Project("{FAE04EC0-301F-11D3-BF4B-00C04F79EFBC}") = "Savvori.WebApp", "src\Savvori.WebApp\Savvori.WebApp.csproj", "{28C992A3-5834-472F-B7E5-6EEB2A95DE24}"
EndProject
Project("{FAE04EC0-301F-11D3-BF4B-00C04F79EFBC}") = "Savvori.Shared", "src\Savvori.Shared\Savvori.Shared.csproj", "{332389B3-5000-4159-B299-97FDE7BD6D77}"
EndProject
Project("{FAE04EC0-301F-11D3-BF4B-00C04F79EFBC}") = "Savvori.WebApi", "src\Savvori.WebApi\Savvori.WebApi.csproj", "{AE416047-8ECD-432A-9FE5-C498AF41D013}"
EndProject
Global
	GlobalSection(SolutionConfigurationPlatforms) = preSolution
		Debug|Any CPU = Debug|Any CPU
		Debug|x64 = Debug|x64
		Debug|x86 = Debug|x86
		Release|Any CPU = Release|Any CPU
		Release|x64 = Release|x64
		Release|x86 = Release|x86
	EndGlobalSection
	GlobalSection(ProjectConfigurationPlatforms) = postSolution
		{BF7DDA5E-351C-4303-AB69-402A589330F2}.Debug|Any CPU.ActiveCfg = Debug|Any CPU
		{BF7DDA5E-351C-4303-AB69-402A589330F2}.Debug|Any CPU.Build.0 = Debug|Any CPU
		{BF7DDA5E-351C-4303-AB69-402A589330F2}.Debug|x64.ActiveCfg = Debug|Any CPU
		{BF7DDA5E-351C-4303-AB69-402A589330F2}.Debug|x64.Build.0 = Debug|Any CPU
		{BF7DDA5E-351C-4303-AB69-402A589330F2}.Debug|x86.ActiveCfg = Debug|Any CPU
		{BF7DDA5E-351C-4303-AB69-402A589330F2}.Debug|x86.Build.0 = Debug|Any CPU
		{BF7DDA5E-351C-4303-AB69-402A589330F2}.Release|Any CPU.ActiveCfg = Release|Any CPU
		{BF7DDA5E-351C-4303-AB69-402A589330F2}.Release|Any CPU.Build.0 = Release|Any CPU
		{BF7DDA5E-351C-4303-AB69-402A589330F2}.Release|x64.ActiveCfg = Release|Any CPU
		{BF7DDA5E-351C-4303-AB69-402A589330F2}.Release|x64.Build.0 = Release|Any CPU
		{BF7DDA5E-351C-4303-AB69-402A589330F2}.Release|x86.ActiveCfg = Release|Any CPU
		{BF7DDA5E-351C-4303-AB69-402A589330F2}.Release|x86.Build.0 = Release|Any CPU
		{28C992A3-5834-472F-B7E5-6EEB2A95DE24}.Debug|Any CPU.ActiveCfg = Debug|Any CPU
		{28C992A3-5834-472F-B7E5-6EEB2A95DE24}.Debug|Any CPU.Build.0 = Debug|Any CPU
		{28C992A3-5834-472F-B7E5-6EEB2A95DE24}.Debug|x64.ActiveCfg = Debug|Any CPU
		{28C992A3-5834-472F-B7E5-6EEB2A95DE24}.Debug|x64.Build.0 = Debug|Any CPU
		{28C992A3-5834-472F-B7E5-6EEB2A95DE24}.Debug|x86.ActiveCfg = Debug|Any CPU
		{28C992A3-5834-472F-B7E5-6EEB2A95DE24}.Debug|x86.Build.0 = Debug|Any CPU
		{28C992A3-5834-472F-B7E5-6EEB2A95DE24}.Release|Any CPU.ActiveCfg = Release|Any CPU
		{28C992A3-5834-472F-B7E5-6EEB2A95DE24}.Release|Any CPU.Build.0 = Release|Any CPU
		{28C992A3-5834-472F-B7E5-6EEB2A95DE24}.Release|x64.ActiveCfg = Release|Any CPU
		{28C992A3-5834-472F-B7E5-6EEB2A95DE24}.Release|x64.Build.0 = Release|Any CPU
		{28C992A3-5834-472F-B7E5-6EEB2A95DE24}.Release|x86.ActiveCfg = Release|Any CPU
		{28C992A3-5834-472F-B7E5-6EEB2A95DE24}.Release|x86.Build.0 = Release|Any CPU
		{332389B3-5000-4159-B299-97FDE7BD6D77}.Debug|Any CPU.ActiveCfg = Debug|Any CPU
		{332389B3-5000-4159-B299-97FDE7BD6D77}.Debug|Any CPU.Build.0 = Debug|Any CPU
		{332389B3-5000-4159-B299-97FDE7BD6D77}.Debug|x64.ActiveCfg = Debug|Any CPU
		{332389B3-5000-4159-B299-97FDE7BD6D77}.Debug|x64.Build.0 = Debug|Any CPU
		{332389B3-5000-4159-B299-97FDE7BD6D77}.Debug|x86.ActiveCfg = Debug|Any CPU
		{332389B3-5000-4159-B299-97FDE7BD6D77}.Debug|x86.Build.0 = Debug|Any CPU
		{332389B3-5000-4159-B299-97FDE7BD6D77}.Release|Any CPU.ActiveCfg = Release|Any CPU
		{332389B3-5000-4159-B299-97FDE7BD6D77}.Release|Any CPU.Build.0 = Release|Any CPU
		{332389B3-5000-4159-B299-97FDE7BD6D77}.Release|x64.ActiveCfg = Release|Any CPU
		{332389B3-5000-4159-B299-97FDE7BD6D77}.Release|x64.Build.0 = Release|Any CPU
		{332389B3-5000-4159-B299-97FDE7BD6D77}.Release|x86.ActiveCfg = Release|Any CPU
		{332389B3-5000-4159-B299-97FDE7BD6D77}.Release|x86.Build.0 = Release|Any CPU
		{AE416047-8ECD-432A-9FE5-C498AF41D013}.Debug|Any CPU.ActiveCfg = Debug|Any CPU
		{AE416047-8ECD-432A-9FE5-C498AF41D013}.Debug|Any CPU.Build.0 = Debug|Any CPU
		{AE416047-8ECD-432A-9FE5-C498AF41D013}.Debug|x64.ActiveCfg = Debug|Any CPU
		{AE416047-8ECD-432A-9FE5-C498AF41D013}.Debug|x64.Build.0 = Debug|Any CPU
		{AE416047-8ECD-432A-9FE5-C498AF41D013}.Debug|x86.ActiveCfg = Debug|Any CPU
		{AE416047-8ECD-432A-9FE5-C498AF41D013}.Debug|x86.Build.0 = Debug|Any CPU
		{AE416047-8ECD-432A-9FE5-C498AF41D013}.Release|Any CPU.ActiveCfg = Release|Any CPU
		{AE416047-8ECD-432A-9FE5-C498AF41D013}.Release|Any CPU.Build.0 = Release|Any CPU
		{AE416047-8ECD-432A-9FE5-C498AF41D013}.Release|x64.ActiveCfg = Release|Any CPU
		{AE416047-8ECD-432A-9FE5-C498AF41D013}.Release|x64.Build.0 = Release|Any CPU
		{AE416047-8ECD-432A-9FE5-C498AF41D013}.Release|x86.ActiveCfg = Release|Any CPU
		{AE416047-8ECD-432A-9FE5-C498AF41D013}.Release|x86.Build.0 = Release|Any CPU
	EndGlobalSection
	GlobalSection(SolutionProperties) = preSolution
		HideSolutionNode = FALSE
	EndGlobalSection
	GlobalSection(NestedProjects) = preSolution
		{BF7DDA5E-351C-4303-AB69-402A589330F2} = {0AB3BF05-4346-4AA6-1389-037BE0695223}
		{28C992A3-5834-472F-B7E5-6EEB2A95DE24} = {827E0CD3-B72D-47B6-A68D-7590B98EB39B}
		{332389B3-5000-4159-B299-97FDE7BD6D77} = {827E0CD3-B72D-47B6-A68D-7590B98EB39B}
		{AE416047-8ECD-432A-9FE5-C498AF41D013} = {827E0CD3-B72D-47B6-A68D-7590B98EB39B}
	EndGlobalSection
EndGlobal
